
Microsoft Visual Studio Solution File, Format Version 12.00
# Visual Studio 15
VisualStudioVersion = 15.0.28010.2041
MinimumVisualStudioVersion = 10.0.40219.1
Project("{FAE04EC0-301F-11D3-BF4B-00C04F79EFBC}") = "Projeto_Xadrez", "Projeto_Xadrez\Projeto_Xadrez.csproj", "{FA4CF361-6CBA-4139-92BB-BAF58F6F9B55}"
EndProject
Global
	GlobalSection(SolutionConfigurationPlatforms) = preSolution
		Debug|Any CPU = Debug|Any CPU
		Release|Any CPU = Release|Any CPU
	EndGlobalSection
	GlobalSection(ProjectConfigurationPlatforms) = postSolution
		{FA4CF361-6CBA-4139-92BB-BAF58F6F9B55}.Debug|Any CPU.ActiveCfg = Debug|Any CPU
		{FA4CF361-6CBA-4139-92BB-BAF58F6F9B55}.Debug|Any CPU.Build.0 = Debug|Any CPU
		{FA4CF361-6CBA-4139-92BB-BAF58F6F9B55}.Release|Any CPU.ActiveCfg = Release|Any CPU
		{FA4CF361-6CBA-4139-92BB-BAF58F6F9B55}.Release|Any CPU.Build.0 = Release|Any CPU
	EndGlobalSection
	GlobalSection(SolutionProperties) = preSolution
		HideSolutionNode = FALSE
	EndGlobalSection
	GlobalSection(ExtensibilityGlobals) = postSolution
		SolutionGuid = {C8CB3256-2ADA-46CC-AFCF-5CBEDA6B5201}
	EndGlobalSection
EndGlobal
